
Microsoft Visual Studio Solution File, Format Version 12.00
# Visual Studio Version 17
VisualStudioVersion = 17.5.33502.453
MinimumVisualStudioVersion = 10.0.40219.1
Project("{FAE04EC0-301F-11D3-BF4B-00C04F79EFBC}") = "SimitPlaca", "SimitPlaca.csproj", "{6A70928D-191D-434C-87C4-2A26F32D58D0}"
EndProject
Global
	GlobalSection(SolutionConfigurationPlatforms) = preSolution
		Debug|Any CPU = Debug|Any CPU
		Release|Any CPU = Release|Any CPU
	EndGlobalSection
	GlobalSection(ProjectConfigurationPlatforms) = postSolution
		{6A70928D-191D-434C-87C4-2A26F32D58D0}.Debug|Any CPU.ActiveCfg = Debug|Any CPU
		{6A70928D-191D-434C-87C4-2A26F32D58D0}.Debug|Any CPU.Build.0 = Debug|Any CPU
		{6A70928D-191D-434C-87C4-2A26F32D58D0}.Release|Any CPU.ActiveCfg = Release|Any CPU
		{6A70928D-191D-434C-87C4-2A26F32D58D0}.Release|Any CPU.Build.0 = Release|Any CPU
	EndGlobalSection
	GlobalSection(SolutionProperties) = preSolution
		HideSolutionNode = FALSE
	EndGlobalSection
	GlobalSection(ExtensibilityGlobals) = postSolution
		SolutionGuid = {F7C277FA-4B8D-4373-AE7C-01E00BCD2523}
	EndGlobalSection
EndGlobal
